// !$*UTF8*$!
{
	archiveVersion = 1;
	classes = {
	};
	objectVersion = 48;
	objects = {

/* Begin PBXBuildFile section */
		7496C3A41FFB08FF005EA8BD /* AppDelegate.swift in Sources */ = {isa = PBXBuildFile; fileRef = 7496C3A31FFB08FF005EA8BD /* AppDelegate.swift */; };
		7496C3A61FFB08FF005EA8BD /* ViewController.swift in Sources */ = {isa = PBXBuildFile; fileRef = 7496C3A51FFB08FF005EA8BD /* ViewController.swift */; };
		7496C3A91FFB08FF005EA8BD /* Main.storyboard in Resources */ = {isa = PBXBuildFile; fileRef = 7496C3A71FFB08FF005EA8BD /* Main.storyboard */; };
		7496C3AB1FFB08FF005EA8BD /* Assets.xcassets in Resources */ = {isa = PBXBuildFile; fileRef = 7496C3AA1FFB08FF005EA8BD /* Assets.xcassets */; };
		7496C3AE1FFB08FF005EA8BD /* LaunchScreen.storyboard in Resources */ = {isa = PBXBuildFile; fileRef = 7496C3AC1FFB08FF005EA8BD /* LaunchScreen.storyboard */; };
		74AB043D200AF1A90020FBC7 /* DropShadowViewController.swift in Sources */ = {isa = PBXBuildFile; fileRef = 74AB043C200AF1A90020FBC7 /* DropShadowViewController.swift */; };
/* End PBXBuildFile section */

/* Begin PBXFileReference section */
		7496C3A01FFB08FF005EA8BD /* EmotionalStatusTracker.app */ = {isa = PBXFileReference; explicitFileType = wrapper.application; includeInIndex = 0; path = EmotionalStatusTracker.app; sourceTree = BUILT_PRODUCTS_DIR; };
		7496C3A31FFB08FF005EA8BD /* AppDelegate.swift */ = {isa = PBXFileReference; lastKnownFileType = sourcecode.swift; path = AppDelegate.swift; sourceTree = "<group>"; };
		7496C3A51FFB08FF005EA8BD /* ViewController.swift */ = {isa = PBXFileReference; lastKnownFileType = sourcecode.swift; path = ViewController.swift; sourceTree = "<group>"; };
		7496C3A81FFB08FF005EA8BD /* Base */ = {isa = PBXFileReference; lastKnownFileType = file.storyboard; name = Base; path = Base.lproj/Main.storyboard; sourceTree = "<group>"; };
		7496C3AA1FFB08FF005EA8BD /* Assets.xcassets */ = {isa = PBXFileReference; lastKnownFileType = folder.assetcatalog; path = Assets.xcassets; sourceTree = "<group>"; };
		7496C3AD1FFB08FF005EA8BD /* Base */ = {isa = PBXFileReference; lastKnownFileType = file.storyboard; name = Base; path = Base.lproj/LaunchScreen.storyboard; sourceTree = "<group>"; };
		7496C3AF1FFB08FF005EA8BD /* Info.plist */ = {isa = PBXFileReference; lastKnownFileType = text.plist.xml; path = Info.plist; sourceTree = "<group>"; };
		74AB043C200AF1A90020FBC7 /* DropShadowViewController.swift */ = {isa = PBXFileReference; lastKnownFileType = sourcecode.swift; path = DropShadowViewController.swift; sourceTree = "<group>"; };
/* End PBXFileReference section */

/* Begin PBXFrameworksBuildPhase section */
		7496C39D1FFB08FF005EA8BD /* Frameworks */ = {
			isa = PBXFrameworksBuildPhase;
			buildActionMask = 2147483647;
			files = (
			);
			runOnlyForDeploymentPostprocessing = 0;
		};
/* End PBXFrameworksBuildPhase section */

/* Begin PBXGroup section */
		7496C3971FFB08FF005EA8BD = {
			isa = PBXGroup;
			children = (
				7496C3A21FFB08FF005EA8BD /* emotional-status-tracker */,
				7496C3A11FFB08FF005EA8BD /* Products */,
			);
			sourceTree = "<group>";
		};
		7496C3A11FFB08FF005EA8BD /* Products */ = {
			isa = PBXGroup;
			children = (
				7496C3A01FFB08FF005EA8BD /* EmotionalStatusTracker.app */,
			);
			name = Products;
			sourceTree = "<group>";
		};
		7496C3A21FFB08FF005EA8BD /* emotional-status-tracker */ = {
			isa = PBXGroup;
			children = (
				7496C3A31FFB08FF005EA8BD /* AppDelegate.swift */,
				7496C3A51FFB08FF005EA8BD /* ViewController.swift */,
				7496C3A71FFB08FF005EA8BD /* Main.storyboard */,
				7496C3AA1FFB08FF005EA8BD /* Assets.xcassets */,
				7496C3AC1FFB08FF005EA8BD /* LaunchScreen.storyboard */,
				7496C3AF1FFB08FF005EA8BD /* Info.plist */,
				74AB043C200AF1A90020FBC7 /* DropShadowViewController.swift */,
			);
			path = "emotional-status-tracker";
			sourceTree = "<group>";
		};
/* End PBXGroup section */

/* Begin PBXNativeTarget section */
		7496C39F1FFB08FF005EA8BD /* EmotionalStatusTracker */ = {
			isa = PBXNativeTarget;
			buildConfigurationList = 7496C3B21FFB08FF005EA8BD /* Build configuration list for PBXNativeTarget "EmotionalStatusTracker" */;
			buildPhases = (
				7496C39C1FFB08FF005EA8BD /* Sources */,
				7496C39D1FFB08FF005EA8BD /* Frameworks */,
				7496C39E1FFB08FF005EA8BD /* Resources */,
			);
			buildRules = (
			);
			dependencies = (
			);
			name = EmotionalStatusTracker;
			productName = "emotional-status-tracker";
			productReference = 7496C3A01FFB08FF005EA8BD /* EmotionalStatusTracker.app */;
			productType = "com.apple.product-type.application";
		};
/* End PBXNativeTarget section */

/* Begin PBXProject section */
		7496C3981FFB08FF005EA8BD /* Project object */ = {
			isa = PBXProject;
			attributes = {
				LastSwiftUpdateCheck = 0910;
				LastUpgradeCheck = 0910;
				ORGANIZATIONNAME = "BlueFox Inc.";
				TargetAttributes = {
					7496C39F1FFB08FF005EA8BD = {
						CreatedOnToolsVersion = 9.1;
						ProvisioningStyle = Automatic;
					};
				};
			};
			buildConfigurationList = 7496C39B1FFB08FF005EA8BD /* Build configuration list for PBXProject "EmotionalStatusTracker" */;
			compatibilityVersion = "Xcode 8.0";
			developmentRegion = en;
			hasScannedForEncodings = 0;
			knownRegions = (
				en,
				Base,
			);
			mainGroup = 7496C3971FFB08FF005EA8BD;
			productRefGroup = 7496C3A11FFB08FF005EA8BD /* Products */;
			projectDirPath = "";
			projectRoot = "";
			targets = (
				7496C39F1FFB08FF005EA8BD /* EmotionalStatusTracker */,
			);
		};
/* End PBXProject section */

/* Begin PBXResourcesBuildPhase section */
		7496C39E1FFB08FF005EA8BD /* Resources */ = {
			isa = PBXResourcesBuildPhase;
			buildActionMask = 2147483647;
			files = (
				7496C3AE1FFB08FF005EA8BD /* LaunchScreen.storyboard in Resources */,
				7496C3AB1FFB08FF005EA8BD /* Assets.xcassets in Resources */,
				7496C3A91FFB08FF005EA8BD /* Main.storyboard in Resources */,
			);
			runOnlyForDeploymentPostprocessing = 0;
		};
/* End PBXResourcesBuildPhase section */

/* Begin PBXSourcesBuildPhase section */
		7496C39C1FFB08FF005EA8BD /* Sources */ = {
			isa = PBXSourcesBuildPhase;
			buildActionMask = 2147483647;
			files = (
				7496C3A61FFB08FF005EA8BD /* ViewController.swift in Sources */,
				7496C3A41FFB08FF005EA8BD /* AppDelegate.swift in Sources */,
				74AB043D200AF1A90020FBC7 /* DropShadowViewController.swift in Sources */,
			);
			runOnlyForDeploymentPostprocessing = 0;
		};
/* End PBXSourcesBuildPhase section */

/* Begin PBXVariantGroup section */
		7496C3A71FFB08FF005EA8BD /* Main.storyboard */ = {
			isa = PBXVariantGroup;
			children = (
				7496C3A81FFB08FF005EA8BD /* Base */,
			);
			name = Main.storyboard;
			sourceTree = "<group>";
		};
		7496C3AC1FFB08FF005EA8BD /* LaunchScreen.storyboard */ = {
			isa = PBXVariantGroup;
			children = (
				7496C3AD1FFB08FF005EA8BD /* Base */,
			);
			name = LaunchScreen.storyboard;
			sourceTree = "<group>";
		};
/* End PBXVariantGroup section */

/* Begin XCBuildConfiguration section */
		7496C3B01FFB08FF005EA8BD /* Debug */ = {
			isa = XCBuildConfiguration;
			buildSettings = {
				ALWAYS_SEARCH_USER_PATHS = NO;
				CLANG_ANALYZER_NONNULL = YES;
				CLANG_ANALYZER_NUMBER_OBJECT_CONVERSION = YES_AGGRESSIVE;
				CLANG_CXX_LANGUAGE_STANDARD = "gnu++14";
				CLANG_CXX_LIBRARY = "libc++";
				CLANG_ENABLE_MODULES = YES;
				CLANG_ENABLE_OBJC_ARC = YES;
				CLANG_WARN_BLOCK_CAPTURE_AUTORELEASING = YES;
				CLANG_WARN_BOOL_CONVERSION = YES;
				CLANG_WARN_COMMA = YES;
				CLANG_WARN_CONSTANT_CONVERSION = YES;
				CLANG_WARN_DIRECT_OBJC_ISA_USAGE = YES_ERROR;
				CLANG_WARN_DOCUMENTATION_COMMENTS = YES;
				CLANG_WARN_EMPTY_BODY = YES;
				CLANG_WARN_ENUM_CONVERSION = YES;
				CLANG_WARN_INFINITE_RECURSION = YES;
				CLANG_WARN_INT_CONVERSION = YES;
				CLANG_WARN_NON_LITERAL_NULL_CONVERSION = YES;
				CLANG_WARN_OBJC_LITERAL_CONVERSION = YES;
				CLANG_WARN_OBJC_ROOT_CLASS = YES_ERROR;
				CLANG_WARN_RANGE_LOOP_ANALYSIS = YES;
				CLANG_WARN_STRICT_PROTOTYPES = YES;
				CLANG_WARN_SUSPICIOUS_MOVE = YES;
				CLANG_WARN_UNGUARDED_AVAILABILITY = YES_AGGRESSIVE;
				CLANG_WARN_UNREACHABLE_CODE = YES;
				CLANG_WARN__DUPLICATE_METHOD_MATCH = YES;
				CODE_SIGN_IDENTITY = "iPhone Developer";
				COPY_PHASE_STRIP = NO;
				DEBUG_INFORMATION_FORMAT = dwarf;
				ENABLE_STRICT_OBJC_MSGSEND = YES;
				ENABLE_TESTABILITY = YES;
				GCC_C_LANGUAGE_STANDARD = gnu11;
				GCC_DYNAMIC_NO_PIC = NO;
				GCC_NO_COMMON_BLOCKS = YES;
				GCC_OPTIMIZATION_LEVEL = 0;
				GCC_PREPROCESSOR_DEFINITIONS = (
					"DEBUG=1",
					"$(inherited)",
				);
				GCC_WARN_64_TO_32_BIT_CONVERSION = YES;
				GCC_WARN_ABOUT_RETURN_TYPE = YES_ERROR;
				GCC_WARN_UNDECLARED_SELECTOR = YES;
				GCC_WARN_UNINITIALIZED_AUTOS = YES_AGGRESSIVE;
				GCC_WARN_UNUSED_FUNCTION = YES;
				GCC_WARN_UNUSED_VARIABLE = YES;
				IPHONEOS_DEPLOYMENT_TARGET = 11.1;
				MTL_ENABLE_DEBUG_INFO = YES;
				ONLY_ACTIVE_ARCH = YES;
				SDKROOT = iphoneos;
				SWIFT_ACTIVE_COMPILATION_CONDITIONS = DEBUG;
				SWIFT_OPTIMIZATION_LEVEL = "-Onone";
			};
			name = Debug;
		};
		7496C3B11FFB08FF005EA8BD /* Release */ = {
			isa = XCBuildConfiguration;
			buildSettings = {
				ALWAYS_SEARCH_USER_PATHS = NO;
				CLANG_ANALYZER_NONNULL = YES;
				CLANG_ANALYZER_NUMBER_OBJECT_CONVERSION = YES_AGGRESSIVE;
				CLANG_CXX_LANGUAGE_STANDARD = "gnu++14";
				CLANG_CXX_LIBRARY = "libc++";
				CLANG_ENABLE_MODULES = YES;
				CLANG_ENABLE_OBJC_ARC = YES;
				CLANG_WARN_BLOCK_CAPTURE_AUTORELEASING = YES;
				CLANG_WARN_BOOL_CONVERSION = YES;
				CLANG_WARN_COMMA = YES;
				CLANG_WARN_CONSTANT_CONVERSION = YES;
				CLANG_WARN_DIRECT_OBJC_ISA_USAGE = YES_ERROR;
				CLANG_WARN_DOCUMENTATION_COMMENTS = YES;
				CLANG_WARN_EMPTY_BODY = YES;
				CLANG_WARN_ENUM_CONVERSION = YES;
				CLANG_WARN_INFINITE_RECURSION = YES;
				CLANG_WARN_INT_CONVERSION = YES;
				CLANG_WARN_NON_LITERAL_NULL_CONVERSION = YES;
				CLANG_WARN_OBJC_LITERAL_CONVERSION = YES;
				CLANG_WARN_OBJC_ROOT_CLASS = YES_ERROR;
				CLANG_WARN_RANGE_LOOP_ANALYSIS = YES;
				CLANG_WARN_STRICT_PROTOTYPES = YES;
				CLANG_WARN_SUSPICIOUS_MOVE = YES;
				CLANG_WARN_UNGUARDED_AVAILABILITY = YES_AGGRESSIVE;
				CLANG_WARN_UNREACHABLE_CODE = YES;
				CLANG_WARN__DUPLICATE_METHOD_MATCH = YES;
				CODE_SIGN_IDENTITY = "iPhone Developer";
				COPY_PHASE_STRIP = NO;
				DEBUG_INFORMATION_FORMAT = "dwarf-with-dsym";
				ENABLE_NS_ASSERTIONS = NO;
				ENABLE_STRICT_OBJC_MSGSEND = YES;
				GCC_C_LANGUAGE_STANDARD = gnu11;
				GCC_NO_COMMON_BLOCKS = YES;
				GCC_WARN_64_TO_32_BIT_CONVERSION = YES;
				GCC_WARN_ABOUT_RETURN_TYPE = YES_ERROR;
				GCC_WARN_UNDECLARED_SELECTOR = YES;
				GCC_WARN_UNINITIALIZED_AUTOS = YES_AGGRESSIVE;
				GCC_WARN_UNUSED_FUNCTION = YES;
				GCC_WARN_UNUSED_VARIABLE = YES;
				IPHONEOS_DEPLOYMENT_TARGET = 11.1;
				MTL_ENABLE_DEBUG_INFO = NO;
				SDKROOT = iphoneos;
				SWIFT_OPTIMIZATION_LEVEL = "-Owholemodule";
				VALIDATE_PRODUCT = YES;
			};
			name = Release;
		};
		7496C3B31FFB08FF005EA8BD /* Debug */ = {
			isa = XCBuildConfiguration;
			buildSettings = {
				ASSETCATALOG_COMPILER_APPICON_NAME = AppIcon;
				CODE_SIGN_STYLE = Automatic;
				DEVELOPMENT_TEAM = 2XFPX4MHPP;
				INFOPLIST_FILE = "emotional-status-tracker/Info.plist";
				IPHONEOS_DEPLOYMENT_TARGET = 10.3;
				LD_RUNPATH_SEARCH_PATHS = "$(inherited) @executable_path/Frameworks";
				PRODUCT_BUNDLE_IDENTIFIER = "com.BlueFoxInc.tutorials.emotional-status-tracker";
				PRODUCT_NAME = "$(TARGET_NAME)";
				SWIFT_VERSION = 4.0;
				TARGETED_DEVICE_FAMILY = 1;
			};
			name = Debug;
		};
		7496C3B41FFB08FF005EA8BD /* Release */ = {
			isa = XCBuildConfiguration;
			buildSettings = {
				ASSETCATALOG_COMPILER_APPICON_NAME = AppIcon;
				CODE_SIGN_STYLE = Automatic;
				DEVELOPMENT_TEAM = 2XFPX4MHPP;
				INFOPLIST_FILE = "emotional-status-tracker/Info.plist";
				IPHONEOS_DEPLOYMENT_TARGET = 10.3;
				LD_RUNPATH_SEARCH_PATHS = "$(inherited) @executable_path/Frameworks";
				PRODUCT_BUNDLE_IDENTIFIER = "com.BlueFoxInc.tutorials.emotional-status-tracker";
				PRODUCT_NAME = "$(TARGET_NAME)";
				SWIFT_VERSION = 4.0;
				TARGETED_DEVICE_FAMILY = 1;
			};
			name = Release;
		};
/* End XCBuildConfiguration section */

/* Begin XCConfigurationList section */
		7496C39B1FFB08FF005EA8BD /* Build configuration list for PBXProject "EmotionalStatusTracker" */ = {
			isa = XCConfigurationList;
			buildConfigurations = (
				7496C3B01FFB08FF005EA8BD /* Debug */,
				7496C3B11FFB08FF005EA8BD /* Release */,
			);
			defaultConfigurationIsVisible = 0;
			defaultConfigurationName = Release;
		};
		7496C3B21FFB08FF005EA8BD /* Build configuration list for PBXNativeTarget "EmotionalStatusTracker" */ = {
			isa = XCConfigurationList;
			buildConfigurations = (
				7496C3B31FFB08FF005EA8BD /* Debug */,
				7496C3B41FFB08FF005EA8BD /* Release */,
			);
			defaultConfigurationIsVisible = 0;
			defaultConfigurationName = Release;
		};
/* End XCConfigurationList section */
	};
	rootObject = 7496C3981FFB08FF005EA8BD /* Project object */;
}
